
Microsoft Visual Studio Solution File, Format Version 12.00
# Visual Studio 15
VisualStudioVersion = 15.0.28307.106
MinimumVisualStudioVersion = 10.0.40219.1
Project("{FAE04EC0-301F-11D3-BF4B-00C04F79EFBC}") = "App1_Layout07.Android", "App1_Layout07\App1_Layout07.Android\App1_Layout07.Android.csproj", "{360A576C-1457-4CDB-B964-A9A139E9B862}"
EndProject
Project("{FAE04EC0-301F-11D3-BF4B-00C04F79EFBC}") = "App1_Layout07.iOS", "App1_Layout07\App1_Layout07.iOS\App1_Layout07.iOS.csproj", "{CC8BF9B0-86BF-46FA-9299-DBBD1443051C}"
EndProject
Project("{FAE04EC0-301F-11D3-BF4B-00C04F79EFBC}") = "App1_Layout07.UWP", "App1_Layout07\App1_Layout07.UWP\App1_Layout07.UWP.csproj", "{513CD815-945F-4507-B421-EB22E7F51B67}"
EndProject
Project("{FAE04EC0-301F-11D3-BF4B-00C04F79EFBC}") = "App1_Layout07", "App1_Layout07\App1_Layout07\App1_Layout07.csproj", "{885190CE-2FD7-400F-9947-A9AB616A7879}"
EndProject
Global
	GlobalSection(SolutionConfigurationPlatforms) = preSolution
		Ad-Hoc|Any CPU = Ad-Hoc|Any CPU
		Ad-Hoc|ARM = Ad-Hoc|ARM
		Ad-Hoc|iPhone = Ad-Hoc|iPhone
		Ad-Hoc|iPhoneSimulator = Ad-Hoc|iPhoneSimulator
		Ad-Hoc|x64 = Ad-Hoc|x64
		Ad-Hoc|x86 = Ad-Hoc|x86
		AppStore|Any CPU = AppStore|Any CPU
		AppStore|ARM = AppStore|ARM
		AppStore|iPhone = AppStore|iPhone
		AppStore|iPhoneSimulator = AppStore|iPhoneSimulator
		AppStore|x64 = AppStore|x64
		AppStore|x86 = AppStore|x86
		Debug|Any CPU = Debug|Any CPU
		Debug|ARM = Debug|ARM
		Debug|iPhone = Debug|iPhone
		Debug|iPhoneSimulator = Debug|iPhoneSimulator
		Debug|x64 = Debug|x64
		Debug|x86 = Debug|x86
		Release|Any CPU = Release|Any CPU
		Release|ARM = Release|ARM
		Release|iPhone = Release|iPhone
		Release|iPhoneSimulator = Release|iPhoneSimulator
		Release|x64 = Release|x64
		Release|x86 = Release|x86
	EndGlobalSection
	GlobalSection(ProjectConfigurationPlatforms) = postSolution
		{360A576C-1457-4CDB-B964-A9A139E9B862}.Ad-Hoc|Any CPU.ActiveCfg = Release|Any CPU
		{360A576C-1457-4CDB-B964-A9A139E9B862}.Ad-Hoc|Any CPU.Build.0 = Release|Any CPU
		{360A576C-1457-4CDB-B964-A9A139E9B862}.Ad-Hoc|Any CPU.Deploy.0 = Release|Any CPU
		{360A576C-1457-4CDB-B964-A9A139E9B862}.Ad-Hoc|ARM.ActiveCfg = Release|Any CPU
		{360A576C-1457-4CDB-B964-A9A139E9B862}.Ad-Hoc|ARM.Build.0 = Release|Any CPU
		{360A576C-1457-4CDB-B964-A9A139E9B862}.Ad-Hoc|ARM.Deploy.0 = Release|Any CPU
		{360A576C-1457-4CDB-B964-A9A139E9B862}.Ad-Hoc|iPhone.ActiveCfg = Release|Any CPU
		{360A576C-1457-4CDB-B964-A9A139E9B862}.Ad-Hoc|iPhone.Build.0 = Release|Any CPU
		{360A576C-1457-4CDB-B964-A9A139E9B862}.Ad-Hoc|iPhone.Deploy.0 = Release|Any CPU
		{360A576C-1457-4CDB-B964-A9A139E9B862}.Ad-Hoc|iPhoneSimulator.ActiveCfg = Release|Any CPU
		{360A576C-1457-4CDB-B964-A9A139E9B862}.Ad-Hoc|iPhoneSimulator.Build.0 = Release|Any CPU
		{360A576C-1457-4CDB-B964-A9A139E9B862}.Ad-Hoc|iPhoneSimulator.Deploy.0 = Release|Any CPU
		{360A576C-1457-4CDB-B964-A9A139E9B862}.Ad-Hoc|x64.ActiveCfg = Release|Any CPU
		{360A576C-1457-4CDB-B964-A9A139E9B862}.Ad-Hoc|x64.Build.0 = Release|Any CPU
		{360A576C-1457-4CDB-B964-A9A139E9B862}.Ad-Hoc|x64.Deploy.0 = Release|Any CPU
		{360A576C-1457-4CDB-B964-A9A139E9B862}.Ad-Hoc|x86.ActiveCfg = Release|Any CPU
		{360A576C-1457-4CDB-B964-A9A139E9B862}.Ad-Hoc|x86.Build.0 = Release|Any CPU
		{360A576C-1457-4CDB-B964-A9A139E9B862}.Ad-Hoc|x86.Deploy.0 = Release|Any CPU
		{360A576C-1457-4CDB-B964-A9A139E9B862}.AppStore|Any CPU.ActiveCfg = Release|Any CPU
		{360A576C-1457-4CDB-B964-A9A139E9B862}.AppStore|Any CPU.Build.0 = Release|Any CPU
		{360A576C-1457-4CDB-B964-A9A139E9B862}.AppStore|Any CPU.Deploy.0 = Release|Any CPU
		{360A576C-1457-4CDB-B964-A9A139E9B862}.AppStore|ARM.ActiveCfg = Release|Any CPU
		{360A576C-1457-4CDB-B964-A9A139E9B862}.AppStore|ARM.Build.0 = Release|Any CPU
		{360A576C-1457-4CDB-B964-A9A139E9B862}.AppStore|ARM.Deploy.0 = Release|Any CPU
		{360A576C-1457-4CDB-B964-A9A139E9B862}.AppStore|iPhone.ActiveCfg = Release|Any CPU
		{360A576C-1457-4CDB-B964-A9A139E9B862}.AppStore|iPhone.Build.0 = Release|Any CPU
		{360A576C-1457-4CDB-B964-A9A139E9B862}.AppStore|iPhone.Deploy.0 = Release|Any CPU
		{360A576C-1457-4CDB-B964-A9A139E9B862}.AppStore|iPhoneSimulator.ActiveCfg = Release|Any CPU
		{360A576C-1457-4CDB-B964-A9A139E9B862}.AppStore|iPhoneSimulator.Build.0 = Release|Any CPU
		{360A576C-1457-4CDB-B964-A9A139E9B862}.AppStore|iPhoneSimulator.Deploy.0 = Release|Any CPU
		{360A576C-1457-4CDB-B964-A9A139E9B862}.AppStore|x64.ActiveCfg = Release|Any CPU
		{360A576C-1457-4CDB-B964-A9A139E9B862}.AppStore|x64.Build.0 = Release|Any CPU
		{360A576C-1457-4CDB-B964-A9A139E9B862}.AppStore|x64.Deploy.0 = Release|Any CPU
		{360A576C-1457-4CDB-B964-A9A139E9B862}.AppStore|x86.ActiveCfg = Release|Any CPU
		{360A576C-1457-4CDB-B964-A9A139E9B862}.AppStore|x86.Build.0 = Release|Any CPU
		{360A576C-1457-4CDB-B964-A9A139E9B862}.AppStore|x86.Deploy.0 = Release|Any CPU
		{360A576C-1457-4CDB-B964-A9A139E9B862}.Debug|Any CPU.ActiveCfg = Debug|Any CPU
		{360A576C-1457-4CDB-B964-A9A139E9B862}.Debug|Any CPU.Build.0 = Debug|Any CPU
		{360A576C-1457-4CDB-B964-A9A139E9B862}.Debug|Any CPU.Deploy.0 = Debug|Any CPU
		{360A576C-1457-4CDB-B964-A9A139E9B862}.Debug|ARM.ActiveCfg = Debug|Any CPU
		{360A576C-1457-4CDB-B964-A9A139E9B862}.Debug|ARM.Build.0 = Debug|Any CPU
		{360A576C-1457-4CDB-B964-A9A139E9B862}.Debug|ARM.Deploy.0 = Debug|Any CPU
		{360A576C-1457-4CDB-B964-A9A139E9B862}.Debug|iPhone.ActiveCfg = Debug|Any CPU
		{360A576C-1457-4CDB-B964-A9A139E9B862}.Debug|iPhone.Build.0 = Debug|Any CPU
		{360A576C-1457-4CDB-B964-A9A139E9B862}.Debug|iPhone.Deploy.0 = Debug|Any CPU
		{360A576C-1457-4CDB-B964-A9A139E9B862}.Debug|iPhoneSimulator.ActiveCfg = Debug|Any CPU
		{360A576C-1457-4CDB-B964-A9A139E9B862}.Debug|iPhoneSimulator.Build.0 = Debug|Any CPU
		{360A576C-1457-4CDB-B964-A9A139E9B862}.Debug|iPhoneSimulator.Deploy.0 = Debug|Any CPU
		{360A576C-1457-4CDB-B964-A9A139E9B862}.Debug|x64.ActiveCfg = Debug|Any CPU
		{360A576C-1457-4CDB-B964-A9A139E9B862}.Debug|x64.Build.0 = Debug|Any CPU
		{360A576C-1457-4CDB-B964-A9A139E9B862}.Debug|x64.Deploy.0 = Debug|Any CPU
		{360A576C-1457-4CDB-B964-A9A139E9B862}.Debug|x86.ActiveCfg = Debug|Any CPU
		{360A576C-1457-4CDB-B964-A9A139E9B862}.Debug|x86.Build.0 = Debug|Any CPU
		{360A576C-1457-4CDB-B964-A9A139E9B862}.Debug|x86.Deploy.0 = Debug|Any CPU
		{360A576C-1457-4CDB-B964-A9A139E9B862}.Release|Any CPU.ActiveCfg = Release|Any CPU
		{360A576C-1457-4CDB-B964-A9A139E9B862}.Release|Any CPU.Build.0 = Release|Any CPU
		{360A576C-1457-4CDB-B964-A9A139E9B862}.Release|Any CPU.Deploy.0 = Release|Any CPU
		{360A576C-1457-4CDB-B964-A9A139E9B862}.Release|ARM.ActiveCfg = Release|Any CPU
		{360A576C-1457-4CDB-B964-A9A139E9B862}.Release|ARM.Build.0 = Release|Any CPU
		{360A576C-1457-4CDB-B964-A9A139E9B862}.Release|ARM.Deploy.0 = Release|Any CPU
		{360A576C-1457-4CDB-B964-A9A139E9B862}.Release|iPhone.ActiveCfg = Release|Any CPU
		{360A576C-1457-4CDB-B964-A9A139E9B862}.Release|iPhone.Build.0 = Release|Any CPU
		{360A576C-1457-4CDB-B964-A9A139E9B862}.Release|iPhone.Deploy.0 = Release|Any CPU
		{360A576C-1457-4CDB-B964-A9A139E9B862}.Release|iPhoneSimulator.ActiveCfg = Release|Any CPU
		{360A576C-1457-4CDB-B964-A9A139E9B862}.Release|iPhoneSimulator.Build.0 = Release|Any CPU
		{360A576C-1457-4CDB-B964-A9A139E9B862}.Release|iPhoneSimulator.Deploy.0 = Release|Any CPU
		{360A576C-1457-4CDB-B964-A9A139E9B862}.Release|x64.ActiveCfg = Release|Any CPU
		{360A576C-1457-4CDB-B964-A9A139E9B862}.Release|x64.Build.0 = Release|Any CPU
		{360A576C-1457-4CDB-B964-A9A139E9B862}.Release|x64.Deploy.0 = Release|Any CPU
		{360A576C-1457-4CDB-B964-A9A139E9B862}.Release|x86.ActiveCfg = Release|Any CPU
		{360A576C-1457-4CDB-B964-A9A139E9B862}.Release|x86.Build.0 = Release|Any CPU
		{360A576C-1457-4CDB-B964-A9A139E9B862}.Release|x86.Deploy.0 = Release|Any CPU
		{CC8BF9B0-86BF-46FA-9299-DBBD1443051C}.Ad-Hoc|Any CPU.ActiveCfg = Ad-Hoc|iPhone
		{CC8BF9B0-86BF-46FA-9299-DBBD1443051C}.Ad-Hoc|Any CPU.Build.0 = Ad-Hoc|iPhone
		{CC8BF9B0-86BF-46FA-9299-DBBD1443051C}.Ad-Hoc|Any CPU.Deploy.0 = Ad-Hoc|iPhone
		{CC8BF9B0-86BF-46FA-9299-DBBD1443051C}.Ad-Hoc|ARM.ActiveCfg = Ad-Hoc|iPhone
		{CC8BF9B0-86BF-46FA-9299-DBBD1443051C}.Ad-Hoc|ARM.Build.0 = Ad-Hoc|iPhone
		{CC8BF9B0-86BF-46FA-9299-DBBD1443051C}.Ad-Hoc|ARM.Deploy.0 = Ad-Hoc|iPhone
		{CC8BF9B0-86BF-46FA-9299-DBBD1443051C}.Ad-Hoc|iPhone.ActiveCfg = Ad-Hoc|iPhone
		{CC8BF9B0-86BF-46FA-9299-DBBD1443051C}.Ad-Hoc|iPhone.Build.0 = Ad-Hoc|iPhone
		{CC8BF9B0-86BF-46FA-9299-DBBD1443051C}.Ad-Hoc|iPhone.Deploy.0 = Ad-Hoc|iPhone
		{CC8BF9B0-86BF-46FA-9299-DBBD1443051C}.Ad-Hoc|iPhoneSimulator.ActiveCfg = Ad-Hoc|iPhoneSimulator
		{CC8BF9B0-86BF-46FA-9299-DBBD1443051C}.Ad-Hoc|iPhoneSimulator.Build.0 = Ad-Hoc|iPhoneSimulator
		{CC8BF9B0-86BF-46FA-9299-DBBD1443051C}.Ad-Hoc|iPhoneSimulator.Deploy.0 = Ad-Hoc|iPhoneSimulator
		{CC8BF9B0-86BF-46FA-9299-DBBD1443051C}.Ad-Hoc|x64.ActiveCfg = Ad-Hoc|iPhone
		{CC8BF9B0-86BF-46FA-9299-DBBD1443051C}.Ad-Hoc|x64.Build.0 = Ad-Hoc|iPhone
		{CC8BF9B0-86BF-46FA-9299-DBBD1443051C}.Ad-Hoc|x64.Deploy.0 = Ad-Hoc|iPhone
		{CC8BF9B0-86BF-46FA-9299-DBBD1443051C}.Ad-Hoc|x86.ActiveCfg = Ad-Hoc|iPhone
		{CC8BF9B0-86BF-46FA-9299-DBBD1443051C}.Ad-Hoc|x86.Build.0 = Ad-Hoc|iPhone
		{CC8BF9B0-86BF-46FA-9299-DBBD1443051C}.Ad-Hoc|x86.Deploy.0 = Ad-Hoc|iPhone
		{CC8BF9B0-86BF-46FA-9299-DBBD1443051C}.AppStore|Any CPU.ActiveCfg = AppStore|iPhone
		{CC8BF9B0-86BF-46FA-9299-DBBD1443051C}.AppStore|Any CPU.Build.0 = AppStore|iPhone
		{CC8BF9B0-86BF-46FA-9299-DBBD1443051C}.AppStore|Any CPU.Deploy.0 = AppStore|iPhone
		{CC8BF9B0-86BF-46FA-9299-DBBD1443051C}.AppStore|ARM.ActiveCfg = AppStore|iPhone
		{CC8BF9B0-86BF-46FA-9299-DBBD1443051C}.AppStore|ARM.Build.0 = AppStore|iPhone
		{CC8BF9B0-86BF-46FA-9299-DBBD1443051C}.AppStore|ARM.Deploy.0 = AppStore|iPhone
		{CC8BF9B0-86BF-46FA-9299-DBBD1443051C}.AppStore|iPhone.ActiveCfg = AppStore|iPhone
		{CC8BF9B0-86BF-46FA-9299-DBBD1443051C}.AppStore|iPhone.Build.0 = AppStore|iPhone
		{CC8BF9B0-86BF-46FA-9299-DBBD1443051C}.AppStore|iPhone.Deploy.0 = AppStore|iPhone
		{CC8BF9B0-86BF-46FA-9299-DBBD1443051C}.AppStore|iPhoneSimulator.ActiveCfg = AppStore|iPhoneSimulator
		{CC8BF9B0-86BF-46FA-9299-DBBD1443051C}.AppStore|iPhoneSimulator.Build.0 = AppStore|iPhoneSimulator
		{CC8BF9B0-86BF-46FA-9299-DBBD1443051C}.AppStore|iPhoneSimulator.Deploy.0 = AppStore|iPhoneSimulator
		{CC8BF9B0-86BF-46FA-9299-DBBD1443051C}.AppStore|x64.ActiveCfg = AppStore|iPhone
		{CC8BF9B0-86BF-46FA-9299-DBBD1443051C}.AppStore|x64.Build.0 = AppStore|iPhone
		{CC8BF9B0-86BF-46FA-9299-DBBD1443051C}.AppStore|x64.Deploy.0 = AppStore|iPhone
		{CC8BF9B0-86BF-46FA-9299-DBBD1443051C}.AppStore|x86.ActiveCfg = AppStore|iPhone
		{CC8BF9B0-86BF-46FA-9299-DBBD1443051C}.AppStore|x86.Build.0 = AppStore|iPhone
		{CC8BF9B0-86BF-46FA-9299-DBBD1443051C}.AppStore|x86.Deploy.0 = AppStore|iPhone
		{CC8BF9B0-86BF-46FA-9299-DBBD1443051C}.Debug|Any CPU.ActiveCfg = Debug|iPhoneSimulator
		{CC8BF9B0-86BF-46FA-9299-DBBD1443051C}.Debug|Any CPU.Build.0 = Debug|iPhoneSimulator
		{CC8BF9B0-86BF-46FA-9299-DBBD1443051C}.Debug|Any CPU.Deploy.0 = Debug|iPhoneSimulator
		{CC8BF9B0-86BF-46FA-9299-DBBD1443051C}.Debug|ARM.ActiveCfg = Debug|iPhone
		{CC8BF9B0-86BF-46FA-9299-DBBD1443051C}.Debug|ARM.Build.0 = Debug|iPhone
		{CC8BF9B0-86BF-46FA-9299-DBBD1443051C}.Debug|ARM.Deploy.0 = Debug|iPhone
		{CC8BF9B0-86BF-46FA-9299-DBBD1443051C}.Debug|iPhone.ActiveCfg = Debug|iPhone
		{CC8BF9B0-86BF-46FA-9299-DBBD1443051C}.Debug|iPhone.Build.0 = Debug|iPhone
		{CC8BF9B0-86BF-46FA-9299-DBBD1443051C}.Debug|iPhone.Deploy.0 = Debug|iPhone
		{CC8BF9B0-86BF-46FA-9299-DBBD1443051C}.Debug|iPhoneSimulator.ActiveCfg = Debug|iPhoneSimulator
		{CC8BF9B0-86BF-46FA-9299-DBBD1443051C}.Debug|iPhoneSimulator.Build.0 = Debug|iPhoneSimulator
		{CC8BF9B0-86BF-46FA-9299-DBBD1443051C}.Debug|iPhoneSimulator.Deploy.0 = Debug|iPhoneSimulator
		{CC8BF9B0-86BF-46FA-9299-DBBD1443051C}.Debug|x64.ActiveCfg = Debug|iPhone
		{CC8BF9B0-86BF-46FA-9299-DBBD1443051C}.Debug|x64.Build.0 = Debug|iPhone
		{CC8BF9B0-86BF-46FA-9299-DBBD1443051C}.Debug|x64.Deploy.0 = Debug|iPhone
		{CC8BF9B0-86BF-46FA-9299-DBBD1443051C}.Debug|x86.ActiveCfg = Debug|iPhone
		{CC8BF9B0-86BF-46FA-9299-DBBD1443051C}.Debug|x86.Build.0 = Debug|iPhone
		{CC8BF9B0-86BF-46FA-9299-DBBD1443051C}.Debug|x86.Deploy.0 = Debug|iPhone
		{CC8BF9B0-86BF-46FA-9299-DBBD1443051C}.Release|Any CPU.ActiveCfg = Release|iPhone
		{CC8BF9B0-86BF-46FA-9299-DBBD1443051C}.Release|Any CPU.Build.0 = Release|iPhone
		{CC8BF9B0-86BF-46FA-9299-DBBD1443051C}.Release|Any CPU.Deploy.0 = Release|iPhone
		{CC8BF9B0-86BF-46FA-9299-DBBD1443051C}.Release|ARM.ActiveCfg = Release|iPhone
		{CC8BF9B0-86BF-46FA-9299-DBBD1443051C}.Release|ARM.Build.0 = Release|iPhone
		{CC8BF9B0-86BF-46FA-9299-DBBD1443051C}.Release|ARM.Deploy.0 = Release|iPhone
		{CC8BF9B0-86BF-46FA-9299-DBBD1443051C}.Release|iPhone.ActiveCfg = Release|iPhone
		{CC8BF9B0-86BF-46FA-9299-DBBD1443051C}.Release|iPhone.Build.0 = Release|iPhone
		{CC8BF9B0-86BF-46FA-9299-DBBD1443051C}.Release|iPhone.Deploy.0 = Release|iPhone
		{CC8BF9B0-86BF-46FA-9299-DBBD1443051C}.Release|iPhoneSimulator.ActiveCfg = Release|iPhoneSimulator
		{CC8BF9B0-86BF-46FA-9299-DBBD1443051C}.Release|iPhoneSimulator.Build.0 = Release|iPhoneSimulator
		{CC8BF9B0-86BF-46FA-9299-DBBD1443051C}.Release|iPhoneSimulator.Deploy.0 = Release|iPhoneSimulator
		{CC8BF9B0-86BF-46FA-9299-DBBD1443051C}.Release|x64.ActiveCfg = Release|iPhone
		{CC8BF9B0-86BF-46FA-9299-DBBD1443051C}.Release|x64.Build.0 = Release|iPhone
		{CC8BF9B0-86BF-46FA-9299-DBBD1443051C}.Release|x64.Deploy.0 = Release|iPhone
		{CC8BF9B0-86BF-46FA-9299-DBBD1443051C}.Release|x86.ActiveCfg = Release|iPhone
		{CC8BF9B0-86BF-46FA-9299-DBBD1443051C}.Release|x86.Build.0 = Release|iPhone
		{CC8BF9B0-86BF-46FA-9299-DBBD1443051C}.Release|x86.Deploy.0 = Release|iPhone
		{513CD815-945F-4507-B421-EB22E7F51B67}.Ad-Hoc|Any CPU.ActiveCfg = Release|x86
		{513CD815-945F-4507-B421-EB22E7F51B67}.Ad-Hoc|Any CPU.Build.0 = Release|x86
		{513CD815-945F-4507-B421-EB22E7F51B67}.Ad-Hoc|Any CPU.Deploy.0 = Release|x86
		{513CD815-945F-4507-B421-EB22E7F51B67}.Ad-Hoc|ARM.ActiveCfg = Release|ARM
		{513CD815-945F-4507-B421-EB22E7F51B67}.Ad-Hoc|ARM.Build.0 = Release|ARM
		{513CD815-945F-4507-B421-EB22E7F51B67}.Ad-Hoc|ARM.Deploy.0 = Release|ARM
		{513CD815-945F-4507-B421-EB22E7F51B67}.Ad-Hoc|iPhone.ActiveCfg = Release|x86
		{513CD815-945F-4507-B421-EB22E7F51B67}.Ad-Hoc|iPhone.Build.0 = Release|x86
		{513CD815-945F-4507-B421-EB22E7F51B67}.Ad-Hoc|iPhone.Deploy.0 = Release|x86
		{513CD815-945F-4507-B421-EB22E7F51B67}.Ad-Hoc|iPhoneSimulator.ActiveCfg = Release|x86
		{513CD815-945F-4507-B421-EB22E7F51B67}.Ad-Hoc|iPhoneSimulator.Build.0 = Release|x86
		{513CD815-945F-4507-B421-EB22E7F51B67}.Ad-Hoc|iPhoneSimulator.Deploy.0 = Release|x86
		{513CD815-945F-4507-B421-EB22E7F51B67}.Ad-Hoc|x64.ActiveCfg = Release|x64
		{513CD815-945F-4507-B421-EB22E7F51B67}.Ad-Hoc|x64.Build.0 = Release|x64
		{513CD815-945F-4507-B421-EB22E7F51B67}.Ad-Hoc|x64.Deploy.0 = Release|x64
		{513CD815-945F-4507-B421-EB22E7F51B67}.Ad-Hoc|x86.ActiveCfg = Release|x86
		{513CD815-945F-4507-B421-EB22E7F51B67}.Ad-Hoc|x86.Build.0 = Release|x86
		{513CD815-945F-4507-B421-EB22E7F51B67}.Ad-Hoc|x86.Deploy.0 = Release|x86
		{513CD815-945F-4507-B421-EB22E7F51B67}.AppStore|Any CPU.ActiveCfg = Release|x86
		{513CD815-945F-4507-B421-EB22E7F51B67}.AppStore|Any CPU.Build.0 = Release|x86
		{513CD815-945F-4507-B421-EB22E7F51B67}.AppStore|Any CPU.Deploy.0 = Release|x86
		{513CD815-945F-4507-B421-EB22E7F51B67}.AppStore|ARM.ActiveCfg = Release|ARM
		{513CD815-945F-4507-B421-EB22E7F51B67}.AppStore|ARM.Build.0 = Release|ARM
		{513CD815-945F-4507-B421-EB22E7F51B67}.AppStore|ARM.Deploy.0 = Release|ARM
		{513CD815-945F-4507-B421-EB22E7F51B67}.AppStore|iPhone.ActiveCfg = Release|x86
		{513CD815-945F-4507-B421-EB22E7F51B67}.AppStore|iPhone.Build.0 = Release|x86
		{513CD815-945F-4507-B421-EB22E7F51B67}.AppStore|iPhone.Deploy.0 = Release|x86
		{513CD815-945F-4507-B421-EB22E7F51B67}.AppStore|iPhoneSimulator.ActiveCfg = Release|x86
		{513CD815-945F-4507-B421-EB22E7F51B67}.AppStore|iPhoneSimulator.Build.0 = Release|x86
		{513CD815-945F-4507-B421-EB22E7F51B67}.AppStore|iPhoneSimulator.Deploy.0 = Release|x86
		{513CD815-945F-4507-B421-EB22E7F51B67}.AppStore|x64.ActiveCfg = Release|x64
		{513CD815-945F-4507-B421-EB22E7F51B67}.AppStore|x64.Build.0 = Release|x64
		{513CD815-945F-4507-B421-EB22E7F51B67}.AppStore|x64.Deploy.0 = Release|x64
		{513CD815-945F-4507-B421-EB22E7F51B67}.AppStore|x86.ActiveCfg = Release|x86
		{513CD815-945F-4507-B421-EB22E7F51B67}.AppStore|x86.Build.0 = Release|x86
		{513CD815-945F-4507-B421-EB22E7F51B67}.AppStore|x86.Deploy.0 = Release|x86
		{513CD815-945F-4507-B421-EB22E7F51B67}.Debug|Any CPU.ActiveCfg = Debug|x86
		{513CD815-945F-4507-B421-EB22E7F51B67}.Debug|Any CPU.Build.0 = Debug|x86
		{513CD815-945F-4507-B421-EB22E7F51B67}.Debug|Any CPU.Deploy.0 = Debug|x86
		{513CD815-945F-4507-B421-EB22E7F51B67}.Debug|ARM.ActiveCfg = Debug|ARM
		{513CD815-945F-4507-B421-EB22E7F51B67}.Debug|ARM.Build.0 = Debug|ARM
		{513CD815-945F-4507-B421-EB22E7F51B67}.Debug|ARM.Deploy.0 = Debug|ARM
		{513CD815-945F-4507-B421-EB22E7F51B67}.Debug|iPhone.ActiveCfg = Debug|x86
		{513CD815-945F-4507-B421-EB22E7F51B67}.Debug|iPhone.Build.0 = Debug|x86
		{513CD815-945F-4507-B421-EB22E7F51B67}.Debug|iPhone.Deploy.0 = Debug|x86
		{513CD815-945F-4507-B421-EB22E7F51B67}.Debug|iPhoneSimulator.ActiveCfg = Debug|x86
		{513CD815-945F-4507-B421-EB22E7F51B67}.Debug|iPhoneSimulator.Build.0 = Debug|x86
		{513CD815-945F-4507-B421-EB22E7F51B67}.Debug|iPhoneSimulator.Deploy.0 = Debug|x86
		{513CD815-945F-4507-B421-EB22E7F51B67}.Debug|x64.ActiveCfg = Debug|x64
		{513CD815-945F-4507-B421-EB22E7F51B67}.Debug|x64.Build.0 = Debug|x64
		{513CD815-945F-4507-B421-EB22E7F51B67}.Debug|x64.Deploy.0 = Debug|x64
		{513CD815-945F-4507-B421-EB22E7F51B67}.Debug|x86.ActiveCfg = Debug|x86
		{513CD815-945F-4507-B421-EB22E7F51B67}.Debug|x86.Build.0 = Debug|x86
		{513CD815-945F-4507-B421-EB22E7F51B67}.Debug|x86.Deploy.0 = Debug|x86
		{513CD815-945F-4507-B421-EB22E7F51B67}.Release|Any CPU.ActiveCfg = Release|x86
		{513CD815-945F-4507-B421-EB22E7F51B67}.Release|Any CPU.Build.0 = Release|x86
		{513CD815-945F-4507-B421-EB22E7F51B67}.Release|Any CPU.Deploy.0 = Release|x86
		{513CD815-945F-4507-B421-EB22E7F51B67}.Release|ARM.ActiveCfg = Release|ARM
		{513CD815-945F-4507-B421-EB22E7F51B67}.Release|ARM.Build.0 = Release|ARM
		{513CD815-945F-4507-B421-EB22E7F51B67}.Release|ARM.Deploy.0 = Release|ARM
		{513CD815-945F-4507-B421-EB22E7F51B67}.Release|iPhone.ActiveCfg = Release|x86
		{513CD815-945F-4507-B421-EB22E7F51B67}.Release|iPhone.Build.0 = Release|x86
		{513CD815-945F-4507-B421-EB22E7F51B67}.Release|iPhone.Deploy.0 = Release|x86
		{513CD815-945F-4507-B421-EB22E7F51B67}.Release|iPhoneSimulator.ActiveCfg = Release|x86
		{513CD815-945F-4507-B421-EB22E7F51B67}.Release|iPhoneSimulator.Build.0 = Release|x86
		{513CD815-945F-4507-B421-EB22E7F51B67}.Release|iPhoneSimulator.Deploy.0 = Release|x86
		{513CD815-945F-4507-B421-EB22E7F51B67}.Release|x64.ActiveCfg = Release|x64
		{513CD815-945F-4507-B421-EB22E7F51B67}.Release|x64.Build.0 = Release|x64
		{513CD815-945F-4507-B421-EB22E7F51B67}.Release|x64.Deploy.0 = Release|x64
		{513CD815-945F-4507-B421-EB22E7F51B67}.Release|x86.ActiveCfg = Release|x86
		{513CD815-945F-4507-B421-EB22E7F51B67}.Release|x86.Build.0 = Release|x86
		{513CD815-945F-4507-B421-EB22E7F51B67}.Release|x86.Deploy.0 = Release|x86
		{885190CE-2FD7-400F-9947-A9AB616A7879}.Ad-Hoc|Any CPU.ActiveCfg = Debug|Any CPU
		{885190CE-2FD7-400F-9947-A9AB616A7879}.Ad-Hoc|Any CPU.Build.0 = Debug|Any CPU
		{885190CE-2FD7-400F-9947-A9AB616A7879}.Ad-Hoc|Any CPU.Deploy.0 = Debug|Any CPU
		{885190CE-2FD7-400F-9947-A9AB616A7879}.Ad-Hoc|ARM.ActiveCfg = Debug|Any CPU
		{885190CE-2FD7-400F-9947-A9AB616A7879}.Ad-Hoc|ARM.Build.0 = Debug|Any CPU
		{885190CE-2FD7-400F-9947-A9AB616A7879}.Ad-Hoc|ARM.Deploy.0 = Debug|Any CPU
		{885190CE-2FD7-400F-9947-A9AB616A7879}.Ad-Hoc|iPhone.ActiveCfg = Debug|Any CPU
		{885190CE-2FD7-400F-9947-A9AB616A7879}.Ad-Hoc|iPhone.Build.0 = Debug|Any CPU
		{885190CE-2FD7-400F-9947-A9AB616A7879}.Ad-Hoc|iPhone.Deploy.0 = Debug|Any CPU
		{885190CE-2FD7-400F-9947-A9AB616A7879}.Ad-Hoc|iPhoneSimulator.ActiveCfg = Debug|Any CPU
		{885190CE-2FD7-400F-9947-A9AB616A7879}.Ad-Hoc|iPhoneSimulator.Build.0 = Debug|Any CPU
		{885190CE-2FD7-400F-9947-A9AB616A7879}.Ad-Hoc|iPhoneSimulator.Deploy.0 = Debug|Any CPU
		{885190CE-2FD7-400F-9947-A9AB616A7879}.Ad-Hoc|x64.ActiveCfg = Debug|Any CPU
		{885190CE-2FD7-400F-9947-A9AB616A7879}.Ad-Hoc|x64.Build.0 = Debug|Any CPU
		{885190CE-2FD7-400F-9947-A9AB616A7879}.Ad-Hoc|x64.Deploy.0 = Debug|Any CPU
		{885190CE-2FD7-400F-9947-A9AB616A7879}.Ad-Hoc|x86.ActiveCfg = Debug|Any CPU
		{885190CE-2FD7-400F-9947-A9AB616A7879}.Ad-Hoc|x86.Build.0 = Debug|Any CPU
		{885190CE-2FD7-400F-9947-A9AB616A7879}.Ad-Hoc|x86.Deploy.0 = Debug|Any CPU
		{885190CE-2FD7-400F-9947-A9AB616A7879}.AppStore|Any CPU.ActiveCfg = Debug|Any CPU
		{885190CE-2FD7-400F-9947-A9AB616A7879}.AppStore|Any CPU.Build.0 = Debug|Any CPU
		{885190CE-2FD7-400F-9947-A9AB616A7879}.AppStore|Any CPU.Deploy.0 = Debug|Any CPU
		{885190CE-2FD7-400F-9947-A9AB616A7879}.AppStore|ARM.ActiveCfg = Debug|Any CPU
		{885190CE-2FD7-400F-9947-A9AB616A7879}.AppStore|ARM.Build.0 = Debug|Any CPU
		{885190CE-2FD7-400F-9947-A9AB616A7879}.AppStore|ARM.Deploy.0 = Debug|Any CPU
		{885190CE-2FD7-400F-9947-A9AB616A7879}.AppStore|iPhone.ActiveCfg = Debug|Any CPU
		{885190CE-2FD7-400F-9947-A9AB616A7879}.AppStore|iPhone.Build.0 = Debug|Any CPU
		{885190CE-2FD7-400F-9947-A9AB616A7879}.AppStore|iPhone.Deploy.0 = Debug|Any CPU
		{885190CE-2FD7-400F-9947-A9AB616A7879}.AppStore|iPhoneSimulator.ActiveCfg = Debug|Any CPU
		{885190CE-2FD7-400F-9947-A9AB616A7879}.AppStore|iPhoneSimulator.Build.0 = Debug|Any CPU
		{885190CE-2FD7-400F-9947-A9AB616A7879}.AppStore|iPhoneSimulator.Deploy.0 = Debug|Any CPU
		{885190CE-2FD7-400F-9947-A9AB616A7879}.AppStore|x64.ActiveCfg = Debug|Any CPU
		{885190CE-2FD7-400F-9947-A9AB616A7879}.AppStore|x64.Build.0 = Debug|Any CPU
		{885190CE-2FD7-400F-9947-A9AB616A7879}.AppStore|x64.Deploy.0 = Debug|Any CPU
		{885190CE-2FD7-400F-9947-A9AB616A7879}.AppStore|x86.ActiveCfg = Debug|Any CPU
		{885190CE-2FD7-400F-9947-A9AB616A7879}.AppStore|x86.Build.0 = Debug|Any CPU
		{885190CE-2FD7-400F-9947-A9AB616A7879}.AppStore|x86.Deploy.0 = Debug|Any CPU
		{885190CE-2FD7-400F-9947-A9AB616A7879}.Debug|Any CPU.ActiveCfg = Debug|Any CPU
		{885190CE-2FD7-400F-9947-A9AB616A7879}.Debug|Any CPU.Build.0 = Debug|Any CPU
		{885190CE-2FD7-400F-9947-A9AB616A7879}.Debug|Any CPU.Deploy.0 = Debug|Any CPU
		{885190CE-2FD7-400F-9947-A9AB616A7879}.Debug|ARM.ActiveCfg = Debug|Any CPU
		{885190CE-2FD7-400F-9947-A9AB616A7879}.Debug|ARM.Build.0 = Debug|Any CPU
		{885190CE-2FD7-400F-9947-A9AB616A7879}.Debug|ARM.Deploy.0 = Debug|Any CPU
		{885190CE-2FD7-400F-9947-A9AB616A7879}.Debug|iPhone.ActiveCfg = Debug|Any CPU
		{885190CE-2FD7-400F-9947-A9AB616A7879}.Debug|iPhone.Build.0 = Debug|Any CPU
		{885190CE-2FD7-400F-9947-A9AB616A7879}.Debug|iPhone.Deploy.0 = Debug|Any CPU
		{885190CE-2FD7-400F-9947-A9AB616A7879}.Debug|iPhoneSimulator.ActiveCfg = Debug|Any CPU
		{885190CE-2FD7-400F-9947-A9AB616A7879}.Debug|iPhoneSimulator.Build.0 = Debug|Any CPU
		{885190CE-2FD7-400F-9947-A9AB616A7879}.Debug|iPhoneSimulator.Deploy.0 = Debug|Any CPU
		{885190CE-2FD7-400F-9947-A9AB616A7879}.Debug|x64.ActiveCfg = Debug|Any CPU
		{885190CE-2FD7-400F-9947-A9AB616A7879}.Debug|x64.Build.0 = Debug|Any CPU
		{885190CE-2FD7-400F-9947-A9AB616A7879}.Debug|x64.Deploy.0 = Debug|Any CPU
		{885190CE-2FD7-400F-9947-A9AB616A7879}.Debug|x86.ActiveCfg = Debug|Any CPU
		{885190CE-2FD7-400F-9947-A9AB616A7879}.Debug|x86.Build.0 = Debug|Any CPU
		{885190CE-2FD7-400F-9947-A9AB616A7879}.Debug|x86.Deploy.0 = Debug|Any CPU
		{885190CE-2FD7-400F-9947-A9AB616A7879}.Release|Any CPU.ActiveCfg = Release|Any CPU
		{885190CE-2FD7-400F-9947-A9AB616A7879}.Release|Any CPU.Build.0 = Release|Any CPU
		{885190CE-2FD7-400F-9947-A9AB616A7879}.Release|Any CPU.Deploy.0 = Release|Any CPU
		{885190CE-2FD7-400F-9947-A9AB616A7879}.Release|ARM.ActiveCfg = Release|Any CPU
		{885190CE-2FD7-400F-9947-A9AB616A7879}.Release|ARM.Build.0 = Release|Any CPU
		{885190CE-2FD7-400F-9947-A9AB616A7879}.Release|ARM.Deploy.0 = Release|Any CPU
		{885190CE-2FD7-400F-9947-A9AB616A7879}.Release|iPhone.ActiveCfg = Release|Any CPU
		{885190CE-2FD7-400F-9947-A9AB616A7879}.Release|iPhone.Build.0 = Release|Any CPU
		{885190CE-2FD7-400F-9947-A9AB616A7879}.Release|iPhone.Deploy.0 = Release|Any CPU
		{885190CE-2FD7-400F-9947-A9AB616A7879}.Release|iPhoneSimulator.ActiveCfg = Release|Any CPU
		{885190CE-2FD7-400F-9947-A9AB616A7879}.Release|iPhoneSimulator.Build.0 = Release|Any CPU
		{885190CE-2FD7-400F-9947-A9AB616A7879}.Release|iPhoneSimulator.Deploy.0 = Release|Any CPU
		{885190CE-2FD7-400F-9947-A9AB616A7879}.Release|x64.ActiveCfg = Release|Any CPU
		{885190CE-2FD7-400F-9947-A9AB616A7879}.Release|x64.Build.0 = Release|Any CPU
		{885190CE-2FD7-400F-9947-A9AB616A7879}.Release|x64.Deploy.0 = Release|Any CPU
		{885190CE-2FD7-400F-9947-A9AB616A7879}.Release|x86.ActiveCfg = Release|Any CPU
		{885190CE-2FD7-400F-9947-A9AB616A7879}.Release|x86.Build.0 = Release|Any CPU
		{885190CE-2FD7-400F-9947-A9AB616A7879}.Release|x86.Deploy.0 = Release|Any CPU
	EndGlobalSection
	GlobalSection(SolutionProperties) = preSolution
		HideSolutionNode = FALSE
	EndGlobalSection
	GlobalSection(ExtensibilityGlobals) = postSolution
		SolutionGuid = {A60B68D9-4F3B-4B4C-83AB-DAF944683F70}
	EndGlobalSection
EndGlobal
