
Microsoft Visual Studio Solution File, Format Version 12.00
# Visual Studio 15
VisualStudioVersion = 15.0.28307.106
MinimumVisualStudioVersion = 10.0.40219.1
Project("{FAE04EC0-301F-11D3-BF4B-00C04F79EFBC}") = "App1.Android", "App1\App1.Android\App1.Android.csproj", "{FED3EB7A-B183-48FD-97D1-DBC4A31AEB99}"
EndProject
Project("{FAE04EC0-301F-11D3-BF4B-00C04F79EFBC}") = "App1.iOS", "App1\App1.iOS\App1.iOS.csproj", "{EE11850D-12A2-4849-A0A0-BF20BC7E7C74}"
EndProject
Project("{FAE04EC0-301F-11D3-BF4B-00C04F79EFBC}") = "App1.UWP", "App1\App1.UWP\App1.UWP.csproj", "{EE3C6E5E-174B-4712-AA46-71AF11410EF0}"
EndProject
Project("{FAE04EC0-301F-11D3-BF4B-00C04F79EFBC}") = "App1", "App1\App1\App1.csproj", "{0B4E7FDD-A569-49B7-B348-35169D70578C}"
EndProject
Global
	GlobalSection(SolutionConfigurationPlatforms) = preSolution
		Ad-Hoc|Any CPU = Ad-Hoc|Any CPU
		Ad-Hoc|ARM = Ad-Hoc|ARM
		Ad-Hoc|iPhone = Ad-Hoc|iPhone
		Ad-Hoc|iPhoneSimulator = Ad-Hoc|iPhoneSimulator
		Ad-Hoc|x64 = Ad-Hoc|x64
		Ad-Hoc|x86 = Ad-Hoc|x86
		AppStore|Any CPU = AppStore|Any CPU
		AppStore|ARM = AppStore|ARM
		AppStore|iPhone = AppStore|iPhone
		AppStore|iPhoneSimulator = AppStore|iPhoneSimulator
		AppStore|x64 = AppStore|x64
		AppStore|x86 = AppStore|x86
		Debug|Any CPU = Debug|Any CPU
		Debug|ARM = Debug|ARM
		Debug|iPhone = Debug|iPhone
		Debug|iPhoneSimulator = Debug|iPhoneSimulator
		Debug|x64 = Debug|x64
		Debug|x86 = Debug|x86
		Release|Any CPU = Release|Any CPU
		Release|ARM = Release|ARM
		Release|iPhone = Release|iPhone
		Release|iPhoneSimulator = Release|iPhoneSimulator
		Release|x64 = Release|x64
		Release|x86 = Release|x86
	EndGlobalSection
	GlobalSection(ProjectConfigurationPlatforms) = postSolution
		{FED3EB7A-B183-48FD-97D1-DBC4A31AEB99}.Ad-Hoc|Any CPU.ActiveCfg = Release|Any CPU
		{FED3EB7A-B183-48FD-97D1-DBC4A31AEB99}.Ad-Hoc|Any CPU.Build.0 = Release|Any CPU
		{FED3EB7A-B183-48FD-97D1-DBC4A31AEB99}.Ad-Hoc|Any CPU.Deploy.0 = Release|Any CPU
		{FED3EB7A-B183-48FD-97D1-DBC4A31AEB99}.Ad-Hoc|ARM.ActiveCfg = Release|Any CPU
		{FED3EB7A-B183-48FD-97D1-DBC4A31AEB99}.Ad-Hoc|ARM.Build.0 = Release|Any CPU
		{FED3EB7A-B183-48FD-97D1-DBC4A31AEB99}.Ad-Hoc|ARM.Deploy.0 = Release|Any CPU
		{FED3EB7A-B183-48FD-97D1-DBC4A31AEB99}.Ad-Hoc|iPhone.ActiveCfg = Release|Any CPU
		{FED3EB7A-B183-48FD-97D1-DBC4A31AEB99}.Ad-Hoc|iPhone.Build.0 = Release|Any CPU
		{FED3EB7A-B183-48FD-97D1-DBC4A31AEB99}.Ad-Hoc|iPhone.Deploy.0 = Release|Any CPU
		{FED3EB7A-B183-48FD-97D1-DBC4A31AEB99}.Ad-Hoc|iPhoneSimulator.ActiveCfg = Release|Any CPU
		{FED3EB7A-B183-48FD-97D1-DBC4A31AEB99}.Ad-Hoc|iPhoneSimulator.Build.0 = Release|Any CPU
		{FED3EB7A-B183-48FD-97D1-DBC4A31AEB99}.Ad-Hoc|iPhoneSimulator.Deploy.0 = Release|Any CPU
		{FED3EB7A-B183-48FD-97D1-DBC4A31AEB99}.Ad-Hoc|x64.ActiveCfg = Release|Any CPU
		{FED3EB7A-B183-48FD-97D1-DBC4A31AEB99}.Ad-Hoc|x64.Build.0 = Release|Any CPU
		{FED3EB7A-B183-48FD-97D1-DBC4A31AEB99}.Ad-Hoc|x64.Deploy.0 = Release|Any CPU
		{FED3EB7A-B183-48FD-97D1-DBC4A31AEB99}.Ad-Hoc|x86.ActiveCfg = Release|Any CPU
		{FED3EB7A-B183-48FD-97D1-DBC4A31AEB99}.Ad-Hoc|x86.Build.0 = Release|Any CPU
		{FED3EB7A-B183-48FD-97D1-DBC4A31AEB99}.Ad-Hoc|x86.Deploy.0 = Release|Any CPU
		{FED3EB7A-B183-48FD-97D1-DBC4A31AEB99}.AppStore|Any CPU.ActiveCfg = Release|Any CPU
		{FED3EB7A-B183-48FD-97D1-DBC4A31AEB99}.AppStore|Any CPU.Build.0 = Release|Any CPU
		{FED3EB7A-B183-48FD-97D1-DBC4A31AEB99}.AppStore|Any CPU.Deploy.0 = Release|Any CPU
		{FED3EB7A-B183-48FD-97D1-DBC4A31AEB99}.AppStore|ARM.ActiveCfg = Release|Any CPU
		{FED3EB7A-B183-48FD-97D1-DBC4A31AEB99}.AppStore|ARM.Build.0 = Release|Any CPU
		{FED3EB7A-B183-48FD-97D1-DBC4A31AEB99}.AppStore|ARM.Deploy.0 = Release|Any CPU
		{FED3EB7A-B183-48FD-97D1-DBC4A31AEB99}.AppStore|iPhone.ActiveCfg = Release|Any CPU
		{FED3EB7A-B183-48FD-97D1-DBC4A31AEB99}.AppStore|iPhone.Build.0 = Release|Any CPU
		{FED3EB7A-B183-48FD-97D1-DBC4A31AEB99}.AppStore|iPhone.Deploy.0 = Release|Any CPU
		{FED3EB7A-B183-48FD-97D1-DBC4A31AEB99}.AppStore|iPhoneSimulator.ActiveCfg = Release|Any CPU
		{FED3EB7A-B183-48FD-97D1-DBC4A31AEB99}.AppStore|iPhoneSimulator.Build.0 = Release|Any CPU
		{FED3EB7A-B183-48FD-97D1-DBC4A31AEB99}.AppStore|iPhoneSimulator.Deploy.0 = Release|Any CPU
		{FED3EB7A-B183-48FD-97D1-DBC4A31AEB99}.AppStore|x64.ActiveCfg = Release|Any CPU
		{FED3EB7A-B183-48FD-97D1-DBC4A31AEB99}.AppStore|x64.Build.0 = Release|Any CPU
		{FED3EB7A-B183-48FD-97D1-DBC4A31AEB99}.AppStore|x64.Deploy.0 = Release|Any CPU
		{FED3EB7A-B183-48FD-97D1-DBC4A31AEB99}.AppStore|x86.ActiveCfg = Release|Any CPU
		{FED3EB7A-B183-48FD-97D1-DBC4A31AEB99}.AppStore|x86.Build.0 = Release|Any CPU
		{FED3EB7A-B183-48FD-97D1-DBC4A31AEB99}.AppStore|x86.Deploy.0 = Release|Any CPU
		{FED3EB7A-B183-48FD-97D1-DBC4A31AEB99}.Debug|Any CPU.ActiveCfg = Debug|Any CPU
		{FED3EB7A-B183-48FD-97D1-DBC4A31AEB99}.Debug|Any CPU.Build.0 = Debug|Any CPU
		{FED3EB7A-B183-48FD-97D1-DBC4A31AEB99}.Debug|Any CPU.Deploy.0 = Debug|Any CPU
		{FED3EB7A-B183-48FD-97D1-DBC4A31AEB99}.Debug|ARM.ActiveCfg = Debug|Any CPU
		{FED3EB7A-B183-48FD-97D1-DBC4A31AEB99}.Debug|ARM.Build.0 = Debug|Any CPU
		{FED3EB7A-B183-48FD-97D1-DBC4A31AEB99}.Debug|ARM.Deploy.0 = Debug|Any CPU
		{FED3EB7A-B183-48FD-97D1-DBC4A31AEB99}.Debug|iPhone.ActiveCfg = Debug|Any CPU
		{FED3EB7A-B183-48FD-97D1-DBC4A31AEB99}.Debug|iPhone.Build.0 = Debug|Any CPU
		{FED3EB7A-B183-48FD-97D1-DBC4A31AEB99}.Debug|iPhone.Deploy.0 = Debug|Any CPU
		{FED3EB7A-B183-48FD-97D1-DBC4A31AEB99}.Debug|iPhoneSimulator.ActiveCfg = Debug|Any CPU
		{FED3EB7A-B183-48FD-97D1-DBC4A31AEB99}.Debug|iPhoneSimulator.Build.0 = Debug|Any CPU
		{FED3EB7A-B183-48FD-97D1-DBC4A31AEB99}.Debug|iPhoneSimulator.Deploy.0 = Debug|Any CPU
		{FED3EB7A-B183-48FD-97D1-DBC4A31AEB99}.Debug|x64.ActiveCfg = Debug|Any CPU
		{FED3EB7A-B183-48FD-97D1-DBC4A31AEB99}.Debug|x64.Build.0 = Debug|Any CPU
		{FED3EB7A-B183-48FD-97D1-DBC4A31AEB99}.Debug|x64.Deploy.0 = Debug|Any CPU
		{FED3EB7A-B183-48FD-97D1-DBC4A31AEB99}.Debug|x86.ActiveCfg = Debug|Any CPU
		{FED3EB7A-B183-48FD-97D1-DBC4A31AEB99}.Debug|x86.Build.0 = Debug|Any CPU
		{FED3EB7A-B183-48FD-97D1-DBC4A31AEB99}.Debug|x86.Deploy.0 = Debug|Any CPU
		{FED3EB7A-B183-48FD-97D1-DBC4A31AEB99}.Release|Any CPU.ActiveCfg = Release|Any CPU
		{FED3EB7A-B183-48FD-97D1-DBC4A31AEB99}.Release|Any CPU.Build.0 = Release|Any CPU
		{FED3EB7A-B183-48FD-97D1-DBC4A31AEB99}.Release|Any CPU.Deploy.0 = Release|Any CPU
		{FED3EB7A-B183-48FD-97D1-DBC4A31AEB99}.Release|ARM.ActiveCfg = Release|Any CPU
		{FED3EB7A-B183-48FD-97D1-DBC4A31AEB99}.Release|ARM.Build.0 = Release|Any CPU
		{FED3EB7A-B183-48FD-97D1-DBC4A31AEB99}.Release|ARM.Deploy.0 = Release|Any CPU
		{FED3EB7A-B183-48FD-97D1-DBC4A31AEB99}.Release|iPhone.ActiveCfg = Release|Any CPU
		{FED3EB7A-B183-48FD-97D1-DBC4A31AEB99}.Release|iPhone.Build.0 = Release|Any CPU
		{FED3EB7A-B183-48FD-97D1-DBC4A31AEB99}.Release|iPhone.Deploy.0 = Release|Any CPU
		{FED3EB7A-B183-48FD-97D1-DBC4A31AEB99}.Release|iPhoneSimulator.ActiveCfg = Release|Any CPU
		{FED3EB7A-B183-48FD-97D1-DBC4A31AEB99}.Release|iPhoneSimulator.Build.0 = Release|Any CPU
		{FED3EB7A-B183-48FD-97D1-DBC4A31AEB99}.Release|iPhoneSimulator.Deploy.0 = Release|Any CPU
		{FED3EB7A-B183-48FD-97D1-DBC4A31AEB99}.Release|x64.ActiveCfg = Release|Any CPU
		{FED3EB7A-B183-48FD-97D1-DBC4A31AEB99}.Release|x64.Build.0 = Release|Any CPU
		{FED3EB7A-B183-48FD-97D1-DBC4A31AEB99}.Release|x64.Deploy.0 = Release|Any CPU
		{FED3EB7A-B183-48FD-97D1-DBC4A31AEB99}.Release|x86.ActiveCfg = Release|Any CPU
		{FED3EB7A-B183-48FD-97D1-DBC4A31AEB99}.Release|x86.Build.0 = Release|Any CPU
		{FED3EB7A-B183-48FD-97D1-DBC4A31AEB99}.Release|x86.Deploy.0 = Release|Any CPU
		{EE11850D-12A2-4849-A0A0-BF20BC7E7C74}.Ad-Hoc|Any CPU.ActiveCfg = Ad-Hoc|iPhone
		{EE11850D-12A2-4849-A0A0-BF20BC7E7C74}.Ad-Hoc|Any CPU.Build.0 = Ad-Hoc|iPhone
		{EE11850D-12A2-4849-A0A0-BF20BC7E7C74}.Ad-Hoc|Any CPU.Deploy.0 = Ad-Hoc|iPhone
		{EE11850D-12A2-4849-A0A0-BF20BC7E7C74}.Ad-Hoc|ARM.ActiveCfg = Ad-Hoc|iPhone
		{EE11850D-12A2-4849-A0A0-BF20BC7E7C74}.Ad-Hoc|ARM.Build.0 = Ad-Hoc|iPhone
		{EE11850D-12A2-4849-A0A0-BF20BC7E7C74}.Ad-Hoc|ARM.Deploy.0 = Ad-Hoc|iPhone
		{EE11850D-12A2-4849-A0A0-BF20BC7E7C74}.Ad-Hoc|iPhone.ActiveCfg = Ad-Hoc|iPhone
		{EE11850D-12A2-4849-A0A0-BF20BC7E7C74}.Ad-Hoc|iPhone.Build.0 = Ad-Hoc|iPhone
		{EE11850D-12A2-4849-A0A0-BF20BC7E7C74}.Ad-Hoc|iPhone.Deploy.0 = Ad-Hoc|iPhone
		{EE11850D-12A2-4849-A0A0-BF20BC7E7C74}.Ad-Hoc|iPhoneSimulator.ActiveCfg = Ad-Hoc|iPhoneSimulator
		{EE11850D-12A2-4849-A0A0-BF20BC7E7C74}.Ad-Hoc|iPhoneSimulator.Build.0 = Ad-Hoc|iPhoneSimulator
		{EE11850D-12A2-4849-A0A0-BF20BC7E7C74}.Ad-Hoc|iPhoneSimulator.Deploy.0 = Ad-Hoc|iPhoneSimulator
		{EE11850D-12A2-4849-A0A0-BF20BC7E7C74}.Ad-Hoc|x64.ActiveCfg = Ad-Hoc|iPhone
		{EE11850D-12A2-4849-A0A0-BF20BC7E7C74}.Ad-Hoc|x64.Build.0 = Ad-Hoc|iPhone
		{EE11850D-12A2-4849-A0A0-BF20BC7E7C74}.Ad-Hoc|x64.Deploy.0 = Ad-Hoc|iPhone
		{EE11850D-12A2-4849-A0A0-BF20BC7E7C74}.Ad-Hoc|x86.ActiveCfg = Ad-Hoc|iPhone
		{EE11850D-12A2-4849-A0A0-BF20BC7E7C74}.Ad-Hoc|x86.Build.0 = Ad-Hoc|iPhone
		{EE11850D-12A2-4849-A0A0-BF20BC7E7C74}.Ad-Hoc|x86.Deploy.0 = Ad-Hoc|iPhone
		{EE11850D-12A2-4849-A0A0-BF20BC7E7C74}.AppStore|Any CPU.ActiveCfg = AppStore|iPhone
		{EE11850D-12A2-4849-A0A0-BF20BC7E7C74}.AppStore|Any CPU.Build.0 = AppStore|iPhone
		{EE11850D-12A2-4849-A0A0-BF20BC7E7C74}.AppStore|Any CPU.Deploy.0 = AppStore|iPhone
		{EE11850D-12A2-4849-A0A0-BF20BC7E7C74}.AppStore|ARM.ActiveCfg = AppStore|iPhone
		{EE11850D-12A2-4849-A0A0-BF20BC7E7C74}.AppStore|ARM.Build.0 = AppStore|iPhone
		{EE11850D-12A2-4849-A0A0-BF20BC7E7C74}.AppStore|ARM.Deploy.0 = AppStore|iPhone
		{EE11850D-12A2-4849-A0A0-BF20BC7E7C74}.AppStore|iPhone.ActiveCfg = AppStore|iPhone
		{EE11850D-12A2-4849-A0A0-BF20BC7E7C74}.AppStore|iPhone.Build.0 = AppStore|iPhone
		{EE11850D-12A2-4849-A0A0-BF20BC7E7C74}.AppStore|iPhone.Deploy.0 = AppStore|iPhone
		{EE11850D-12A2-4849-A0A0-BF20BC7E7C74}.AppStore|iPhoneSimulator.ActiveCfg = AppStore|iPhoneSimulator
		{EE11850D-12A2-4849-A0A0-BF20BC7E7C74}.AppStore|iPhoneSimulator.Build.0 = AppStore|iPhoneSimulator
		{EE11850D-12A2-4849-A0A0-BF20BC7E7C74}.AppStore|iPhoneSimulator.Deploy.0 = AppStore|iPhoneSimulator
		{EE11850D-12A2-4849-A0A0-BF20BC7E7C74}.AppStore|x64.ActiveCfg = AppStore|iPhone
		{EE11850D-12A2-4849-A0A0-BF20BC7E7C74}.AppStore|x64.Build.0 = AppStore|iPhone
		{EE11850D-12A2-4849-A0A0-BF20BC7E7C74}.AppStore|x64.Deploy.0 = AppStore|iPhone
		{EE11850D-12A2-4849-A0A0-BF20BC7E7C74}.AppStore|x86.ActiveCfg = AppStore|iPhone
		{EE11850D-12A2-4849-A0A0-BF20BC7E7C74}.AppStore|x86.Build.0 = AppStore|iPhone
		{EE11850D-12A2-4849-A0A0-BF20BC7E7C74}.AppStore|x86.Deploy.0 = AppStore|iPhone
		{EE11850D-12A2-4849-A0A0-BF20BC7E7C74}.Debug|Any CPU.ActiveCfg = Debug|iPhoneSimulator
		{EE11850D-12A2-4849-A0A0-BF20BC7E7C74}.Debug|Any CPU.Build.0 = Debug|iPhoneSimulator
		{EE11850D-12A2-4849-A0A0-BF20BC7E7C74}.Debug|Any CPU.Deploy.0 = Debug|iPhoneSimulator
		{EE11850D-12A2-4849-A0A0-BF20BC7E7C74}.Debug|ARM.ActiveCfg = Debug|iPhone
		{EE11850D-12A2-4849-A0A0-BF20BC7E7C74}.Debug|ARM.Build.0 = Debug|iPhone
		{EE11850D-12A2-4849-A0A0-BF20BC7E7C74}.Debug|ARM.Deploy.0 = Debug|iPhone
		{EE11850D-12A2-4849-A0A0-BF20BC7E7C74}.Debug|iPhone.ActiveCfg = Debug|iPhone
		{EE11850D-12A2-4849-A0A0-BF20BC7E7C74}.Debug|iPhone.Build.0 = Debug|iPhone
		{EE11850D-12A2-4849-A0A0-BF20BC7E7C74}.Debug|iPhone.Deploy.0 = Debug|iPhone
		{EE11850D-12A2-4849-A0A0-BF20BC7E7C74}.Debug|iPhoneSimulator.ActiveCfg = Debug|iPhoneSimulator
		{EE11850D-12A2-4849-A0A0-BF20BC7E7C74}.Debug|iPhoneSimulator.Build.0 = Debug|iPhoneSimulator
		{EE11850D-12A2-4849-A0A0-BF20BC7E7C74}.Debug|iPhoneSimulator.Deploy.0 = Debug|iPhoneSimulator
		{EE11850D-12A2-4849-A0A0-BF20BC7E7C74}.Debug|x64.ActiveCfg = Debug|iPhone
		{EE11850D-12A2-4849-A0A0-BF20BC7E7C74}.Debug|x64.Build.0 = Debug|iPhone
		{EE11850D-12A2-4849-A0A0-BF20BC7E7C74}.Debug|x64.Deploy.0 = Debug|iPhone
		{EE11850D-12A2-4849-A0A0-BF20BC7E7C74}.Debug|x86.ActiveCfg = Debug|iPhone
		{EE11850D-12A2-4849-A0A0-BF20BC7E7C74}.Debug|x86.Build.0 = Debug|iPhone
		{EE11850D-12A2-4849-A0A0-BF20BC7E7C74}.Debug|x86.Deploy.0 = Debug|iPhone
		{EE11850D-12A2-4849-A0A0-BF20BC7E7C74}.Release|Any CPU.ActiveCfg = Release|iPhone
		{EE11850D-12A2-4849-A0A0-BF20BC7E7C74}.Release|Any CPU.Build.0 = Release|iPhone
		{EE11850D-12A2-4849-A0A0-BF20BC7E7C74}.Release|Any CPU.Deploy.0 = Release|iPhone
		{EE11850D-12A2-4849-A0A0-BF20BC7E7C74}.Release|ARM.ActiveCfg = Release|iPhone
		{EE11850D-12A2-4849-A0A0-BF20BC7E7C74}.Release|ARM.Build.0 = Release|iPhone
		{EE11850D-12A2-4849-A0A0-BF20BC7E7C74}.Release|ARM.Deploy.0 = Release|iPhone
		{EE11850D-12A2-4849-A0A0-BF20BC7E7C74}.Release|iPhone.ActiveCfg = Release|iPhone
		{EE11850D-12A2-4849-A0A0-BF20BC7E7C74}.Release|iPhone.Build.0 = Release|iPhone
		{EE11850D-12A2-4849-A0A0-BF20BC7E7C74}.Release|iPhone.Deploy.0 = Release|iPhone
		{EE11850D-12A2-4849-A0A0-BF20BC7E7C74}.Release|iPhoneSimulator.ActiveCfg = Release|iPhoneSimulator
		{EE11850D-12A2-4849-A0A0-BF20BC7E7C74}.Release|iPhoneSimulator.Build.0 = Release|iPhoneSimulator
		{EE11850D-12A2-4849-A0A0-BF20BC7E7C74}.Release|iPhoneSimulator.Deploy.0 = Release|iPhoneSimulator
		{EE11850D-12A2-4849-A0A0-BF20BC7E7C74}.Release|x64.ActiveCfg = Release|iPhone
		{EE11850D-12A2-4849-A0A0-BF20BC7E7C74}.Release|x64.Build.0 = Release|iPhone
		{EE11850D-12A2-4849-A0A0-BF20BC7E7C74}.Release|x64.Deploy.0 = Release|iPhone
		{EE11850D-12A2-4849-A0A0-BF20BC7E7C74}.Release|x86.ActiveCfg = Release|iPhone
		{EE11850D-12A2-4849-A0A0-BF20BC7E7C74}.Release|x86.Build.0 = Release|iPhone
		{EE11850D-12A2-4849-A0A0-BF20BC7E7C74}.Release|x86.Deploy.0 = Release|iPhone
		{EE3C6E5E-174B-4712-AA46-71AF11410EF0}.Ad-Hoc|Any CPU.ActiveCfg = Release|x86
		{EE3C6E5E-174B-4712-AA46-71AF11410EF0}.Ad-Hoc|Any CPU.Build.0 = Release|x86
		{EE3C6E5E-174B-4712-AA46-71AF11410EF0}.Ad-Hoc|Any CPU.Deploy.0 = Release|x86
		{EE3C6E5E-174B-4712-AA46-71AF11410EF0}.Ad-Hoc|ARM.ActiveCfg = Release|ARM
		{EE3C6E5E-174B-4712-AA46-71AF11410EF0}.Ad-Hoc|ARM.Build.0 = Release|ARM
		{EE3C6E5E-174B-4712-AA46-71AF11410EF0}.Ad-Hoc|ARM.Deploy.0 = Release|ARM
		{EE3C6E5E-174B-4712-AA46-71AF11410EF0}.Ad-Hoc|iPhone.ActiveCfg = Release|x86
		{EE3C6E5E-174B-4712-AA46-71AF11410EF0}.Ad-Hoc|iPhone.Build.0 = Release|x86
		{EE3C6E5E-174B-4712-AA46-71AF11410EF0}.Ad-Hoc|iPhone.Deploy.0 = Release|x86
		{EE3C6E5E-174B-4712-AA46-71AF11410EF0}.Ad-Hoc|iPhoneSimulator.ActiveCfg = Release|x86
		{EE3C6E5E-174B-4712-AA46-71AF11410EF0}.Ad-Hoc|iPhoneSimulator.Build.0 = Release|x86
		{EE3C6E5E-174B-4712-AA46-71AF11410EF0}.Ad-Hoc|iPhoneSimulator.Deploy.0 = Release|x86
		{EE3C6E5E-174B-4712-AA46-71AF11410EF0}.Ad-Hoc|x64.ActiveCfg = Release|x64
		{EE3C6E5E-174B-4712-AA46-71AF11410EF0}.Ad-Hoc|x64.Build.0 = Release|x64
		{EE3C6E5E-174B-4712-AA46-71AF11410EF0}.Ad-Hoc|x64.Deploy.0 = Release|x64
		{EE3C6E5E-174B-4712-AA46-71AF11410EF0}.Ad-Hoc|x86.ActiveCfg = Release|x86
		{EE3C6E5E-174B-4712-AA46-71AF11410EF0}.Ad-Hoc|x86.Build.0 = Release|x86
		{EE3C6E5E-174B-4712-AA46-71AF11410EF0}.Ad-Hoc|x86.Deploy.0 = Release|x86
		{EE3C6E5E-174B-4712-AA46-71AF11410EF0}.AppStore|Any CPU.ActiveCfg = Release|x86
		{EE3C6E5E-174B-4712-AA46-71AF11410EF0}.AppStore|Any CPU.Build.0 = Release|x86
		{EE3C6E5E-174B-4712-AA46-71AF11410EF0}.AppStore|Any CPU.Deploy.0 = Release|x86
		{EE3C6E5E-174B-4712-AA46-71AF11410EF0}.AppStore|ARM.ActiveCfg = Release|ARM
		{EE3C6E5E-174B-4712-AA46-71AF11410EF0}.AppStore|ARM.Build.0 = Release|ARM
		{EE3C6E5E-174B-4712-AA46-71AF11410EF0}.AppStore|ARM.Deploy.0 = Release|ARM
		{EE3C6E5E-174B-4712-AA46-71AF11410EF0}.AppStore|iPhone.ActiveCfg = Release|x86
		{EE3C6E5E-174B-4712-AA46-71AF11410EF0}.AppStore|iPhone.Build.0 = Release|x86
		{EE3C6E5E-174B-4712-AA46-71AF11410EF0}.AppStore|iPhone.Deploy.0 = Release|x86
		{EE3C6E5E-174B-4712-AA46-71AF11410EF0}.AppStore|iPhoneSimulator.ActiveCfg = Release|x86
		{EE3C6E5E-174B-4712-AA46-71AF11410EF0}.AppStore|iPhoneSimulator.Build.0 = Release|x86
		{EE3C6E5E-174B-4712-AA46-71AF11410EF0}.AppStore|iPhoneSimulator.Deploy.0 = Release|x86
		{EE3C6E5E-174B-4712-AA46-71AF11410EF0}.AppStore|x64.ActiveCfg = Release|x64
		{EE3C6E5E-174B-4712-AA46-71AF11410EF0}.AppStore|x64.Build.0 = Release|x64
		{EE3C6E5E-174B-4712-AA46-71AF11410EF0}.AppStore|x64.Deploy.0 = Release|x64
		{EE3C6E5E-174B-4712-AA46-71AF11410EF0}.AppStore|x86.ActiveCfg = Release|x86
		{EE3C6E5E-174B-4712-AA46-71AF11410EF0}.AppStore|x86.Build.0 = Release|x86
		{EE3C6E5E-174B-4712-AA46-71AF11410EF0}.AppStore|x86.Deploy.0 = Release|x86
		{EE3C6E5E-174B-4712-AA46-71AF11410EF0}.Debug|Any CPU.ActiveCfg = Debug|x86
		{EE3C6E5E-174B-4712-AA46-71AF11410EF0}.Debug|Any CPU.Build.0 = Debug|x86
		{EE3C6E5E-174B-4712-AA46-71AF11410EF0}.Debug|Any CPU.Deploy.0 = Debug|x86
		{EE3C6E5E-174B-4712-AA46-71AF11410EF0}.Debug|ARM.ActiveCfg = Debug|ARM
		{EE3C6E5E-174B-4712-AA46-71AF11410EF0}.Debug|ARM.Build.0 = Debug|ARM
		{EE3C6E5E-174B-4712-AA46-71AF11410EF0}.Debug|ARM.Deploy.0 = Debug|ARM
		{EE3C6E5E-174B-4712-AA46-71AF11410EF0}.Debug|iPhone.ActiveCfg = Debug|x86
		{EE3C6E5E-174B-4712-AA46-71AF11410EF0}.Debug|iPhone.Build.0 = Debug|x86
		{EE3C6E5E-174B-4712-AA46-71AF11410EF0}.Debug|iPhone.Deploy.0 = Debug|x86
		{EE3C6E5E-174B-4712-AA46-71AF11410EF0}.Debug|iPhoneSimulator.ActiveCfg = Debug|x86
		{EE3C6E5E-174B-4712-AA46-71AF11410EF0}.Debug|iPhoneSimulator.Build.0 = Debug|x86
		{EE3C6E5E-174B-4712-AA46-71AF11410EF0}.Debug|iPhoneSimulator.Deploy.0 = Debug|x86
		{EE3C6E5E-174B-4712-AA46-71AF11410EF0}.Debug|x64.ActiveCfg = Debug|x64
		{EE3C6E5E-174B-4712-AA46-71AF11410EF0}.Debug|x64.Build.0 = Debug|x64
		{EE3C6E5E-174B-4712-AA46-71AF11410EF0}.Debug|x64.Deploy.0 = Debug|x64
		{EE3C6E5E-174B-4712-AA46-71AF11410EF0}.Debug|x86.ActiveCfg = Debug|x86
		{EE3C6E5E-174B-4712-AA46-71AF11410EF0}.Debug|x86.Build.0 = Debug|x86
		{EE3C6E5E-174B-4712-AA46-71AF11410EF0}.Debug|x86.Deploy.0 = Debug|x86
		{EE3C6E5E-174B-4712-AA46-71AF11410EF0}.Release|Any CPU.ActiveCfg = Release|x86
		{EE3C6E5E-174B-4712-AA46-71AF11410EF0}.Release|Any CPU.Build.0 = Release|x86
		{EE3C6E5E-174B-4712-AA46-71AF11410EF0}.Release|Any CPU.Deploy.0 = Release|x86
		{EE3C6E5E-174B-4712-AA46-71AF11410EF0}.Release|ARM.ActiveCfg = Release|ARM
		{EE3C6E5E-174B-4712-AA46-71AF11410EF0}.Release|ARM.Build.0 = Release|ARM
		{EE3C6E5E-174B-4712-AA46-71AF11410EF0}.Release|ARM.Deploy.0 = Release|ARM
		{EE3C6E5E-174B-4712-AA46-71AF11410EF0}.Release|iPhone.ActiveCfg = Release|x86
		{EE3C6E5E-174B-4712-AA46-71AF11410EF0}.Release|iPhone.Build.0 = Release|x86
		{EE3C6E5E-174B-4712-AA46-71AF11410EF0}.Release|iPhone.Deploy.0 = Release|x86
		{EE3C6E5E-174B-4712-AA46-71AF11410EF0}.Release|iPhoneSimulator.ActiveCfg = Release|x86
		{EE3C6E5E-174B-4712-AA46-71AF11410EF0}.Release|iPhoneSimulator.Build.0 = Release|x86
		{EE3C6E5E-174B-4712-AA46-71AF11410EF0}.Release|iPhoneSimulator.Deploy.0 = Release|x86
		{EE3C6E5E-174B-4712-AA46-71AF11410EF0}.Release|x64.ActiveCfg = Release|x64
		{EE3C6E5E-174B-4712-AA46-71AF11410EF0}.Release|x64.Build.0 = Release|x64
		{EE3C6E5E-174B-4712-AA46-71AF11410EF0}.Release|x64.Deploy.0 = Release|x64
		{EE3C6E5E-174B-4712-AA46-71AF11410EF0}.Release|x86.ActiveCfg = Release|x86
		{EE3C6E5E-174B-4712-AA46-71AF11410EF0}.Release|x86.Build.0 = Release|x86
		{EE3C6E5E-174B-4712-AA46-71AF11410EF0}.Release|x86.Deploy.0 = Release|x86
		{0B4E7FDD-A569-49B7-B348-35169D70578C}.Ad-Hoc|Any CPU.ActiveCfg = Debug|Any CPU
		{0B4E7FDD-A569-49B7-B348-35169D70578C}.Ad-Hoc|Any CPU.Build.0 = Debug|Any CPU
		{0B4E7FDD-A569-49B7-B348-35169D70578C}.Ad-Hoc|Any CPU.Deploy.0 = Debug|Any CPU
		{0B4E7FDD-A569-49B7-B348-35169D70578C}.Ad-Hoc|ARM.ActiveCfg = Debug|Any CPU
		{0B4E7FDD-A569-49B7-B348-35169D70578C}.Ad-Hoc|ARM.Build.0 = Debug|Any CPU
		{0B4E7FDD-A569-49B7-B348-35169D70578C}.Ad-Hoc|ARM.Deploy.0 = Debug|Any CPU
		{0B4E7FDD-A569-49B7-B348-35169D70578C}.Ad-Hoc|iPhone.ActiveCfg = Debug|Any CPU
		{0B4E7FDD-A569-49B7-B348-35169D70578C}.Ad-Hoc|iPhone.Build.0 = Debug|Any CPU
		{0B4E7FDD-A569-49B7-B348-35169D70578C}.Ad-Hoc|iPhone.Deploy.0 = Debug|Any CPU
		{0B4E7FDD-A569-49B7-B348-35169D70578C}.Ad-Hoc|iPhoneSimulator.ActiveCfg = Debug|Any CPU
		{0B4E7FDD-A569-49B7-B348-35169D70578C}.Ad-Hoc|iPhoneSimulator.Build.0 = Debug|Any CPU
		{0B4E7FDD-A569-49B7-B348-35169D70578C}.Ad-Hoc|iPhoneSimulator.Deploy.0 = Debug|Any CPU
		{0B4E7FDD-A569-49B7-B348-35169D70578C}.Ad-Hoc|x64.ActiveCfg = Debug|Any CPU
		{0B4E7FDD-A569-49B7-B348-35169D70578C}.Ad-Hoc|x64.Build.0 = Debug|Any CPU
		{0B4E7FDD-A569-49B7-B348-35169D70578C}.Ad-Hoc|x64.Deploy.0 = Debug|Any CPU
		{0B4E7FDD-A569-49B7-B348-35169D70578C}.Ad-Hoc|x86.ActiveCfg = Debug|Any CPU
		{0B4E7FDD-A569-49B7-B348-35169D70578C}.Ad-Hoc|x86.Build.0 = Debug|Any CPU
		{0B4E7FDD-A569-49B7-B348-35169D70578C}.Ad-Hoc|x86.Deploy.0 = Debug|Any CPU
		{0B4E7FDD-A569-49B7-B348-35169D70578C}.AppStore|Any CPU.ActiveCfg = Debug|Any CPU
		{0B4E7FDD-A569-49B7-B348-35169D70578C}.AppStore|Any CPU.Build.0 = Debug|Any CPU
		{0B4E7FDD-A569-49B7-B348-35169D70578C}.AppStore|Any CPU.Deploy.0 = Debug|Any CPU
		{0B4E7FDD-A569-49B7-B348-35169D70578C}.AppStore|ARM.ActiveCfg = Debug|Any CPU
		{0B4E7FDD-A569-49B7-B348-35169D70578C}.AppStore|ARM.Build.0 = Debug|Any CPU
		{0B4E7FDD-A569-49B7-B348-35169D70578C}.AppStore|ARM.Deploy.0 = Debug|Any CPU
		{0B4E7FDD-A569-49B7-B348-35169D70578C}.AppStore|iPhone.ActiveCfg = Debug|Any CPU
		{0B4E7FDD-A569-49B7-B348-35169D70578C}.AppStore|iPhone.Build.0 = Debug|Any CPU
		{0B4E7FDD-A569-49B7-B348-35169D70578C}.AppStore|iPhone.Deploy.0 = Debug|Any CPU
		{0B4E7FDD-A569-49B7-B348-35169D70578C}.AppStore|iPhoneSimulator.ActiveCfg = Debug|Any CPU
		{0B4E7FDD-A569-49B7-B348-35169D70578C}.AppStore|iPhoneSimulator.Build.0 = Debug|Any CPU
		{0B4E7FDD-A569-49B7-B348-35169D70578C}.AppStore|iPhoneSimulator.Deploy.0 = Debug|Any CPU
		{0B4E7FDD-A569-49B7-B348-35169D70578C}.AppStore|x64.ActiveCfg = Debug|Any CPU
		{0B4E7FDD-A569-49B7-B348-35169D70578C}.AppStore|x64.Build.0 = Debug|Any CPU
		{0B4E7FDD-A569-49B7-B348-35169D70578C}.AppStore|x64.Deploy.0 = Debug|Any CPU
		{0B4E7FDD-A569-49B7-B348-35169D70578C}.AppStore|x86.ActiveCfg = Debug|Any CPU
		{0B4E7FDD-A569-49B7-B348-35169D70578C}.AppStore|x86.Build.0 = Debug|Any CPU
		{0B4E7FDD-A569-49B7-B348-35169D70578C}.AppStore|x86.Deploy.0 = Debug|Any CPU
		{0B4E7FDD-A569-49B7-B348-35169D70578C}.Debug|Any CPU.ActiveCfg = Debug|Any CPU
		{0B4E7FDD-A569-49B7-B348-35169D70578C}.Debug|Any CPU.Build.0 = Debug|Any CPU
		{0B4E7FDD-A569-49B7-B348-35169D70578C}.Debug|Any CPU.Deploy.0 = Debug|Any CPU
		{0B4E7FDD-A569-49B7-B348-35169D70578C}.Debug|ARM.ActiveCfg = Debug|Any CPU
		{0B4E7FDD-A569-49B7-B348-35169D70578C}.Debug|ARM.Build.0 = Debug|Any CPU
		{0B4E7FDD-A569-49B7-B348-35169D70578C}.Debug|ARM.Deploy.0 = Debug|Any CPU
		{0B4E7FDD-A569-49B7-B348-35169D70578C}.Debug|iPhone.ActiveCfg = Debug|Any CPU
		{0B4E7FDD-A569-49B7-B348-35169D70578C}.Debug|iPhone.Build.0 = Debug|Any CPU
		{0B4E7FDD-A569-49B7-B348-35169D70578C}.Debug|iPhone.Deploy.0 = Debug|Any CPU
		{0B4E7FDD-A569-49B7-B348-35169D70578C}.Debug|iPhoneSimulator.ActiveCfg = Debug|Any CPU
		{0B4E7FDD-A569-49B7-B348-35169D70578C}.Debug|iPhoneSimulator.Build.0 = Debug|Any CPU
		{0B4E7FDD-A569-49B7-B348-35169D70578C}.Debug|iPhoneSimulator.Deploy.0 = Debug|Any CPU
		{0B4E7FDD-A569-49B7-B348-35169D70578C}.Debug|x64.ActiveCfg = Debug|Any CPU
		{0B4E7FDD-A569-49B7-B348-35169D70578C}.Debug|x64.Build.0 = Debug|Any CPU
		{0B4E7FDD-A569-49B7-B348-35169D70578C}.Debug|x64.Deploy.0 = Debug|Any CPU
		{0B4E7FDD-A569-49B7-B348-35169D70578C}.Debug|x86.ActiveCfg = Debug|Any CPU
		{0B4E7FDD-A569-49B7-B348-35169D70578C}.Debug|x86.Build.0 = Debug|Any CPU
		{0B4E7FDD-A569-49B7-B348-35169D70578C}.Debug|x86.Deploy.0 = Debug|Any CPU
		{0B4E7FDD-A569-49B7-B348-35169D70578C}.Release|Any CPU.ActiveCfg = Release|Any CPU
		{0B4E7FDD-A569-49B7-B348-35169D70578C}.Release|Any CPU.Build.0 = Release|Any CPU
		{0B4E7FDD-A569-49B7-B348-35169D70578C}.Release|Any CPU.Deploy.0 = Release|Any CPU
		{0B4E7FDD-A569-49B7-B348-35169D70578C}.Release|ARM.ActiveCfg = Release|Any CPU
		{0B4E7FDD-A569-49B7-B348-35169D70578C}.Release|ARM.Build.0 = Release|Any CPU
		{0B4E7FDD-A569-49B7-B348-35169D70578C}.Release|ARM.Deploy.0 = Release|Any CPU
		{0B4E7FDD-A569-49B7-B348-35169D70578C}.Release|iPhone.ActiveCfg = Release|Any CPU
		{0B4E7FDD-A569-49B7-B348-35169D70578C}.Release|iPhone.Build.0 = Release|Any CPU
		{0B4E7FDD-A569-49B7-B348-35169D70578C}.Release|iPhone.Deploy.0 = Release|Any CPU
		{0B4E7FDD-A569-49B7-B348-35169D70578C}.Release|iPhoneSimulator.ActiveCfg = Release|Any CPU
		{0B4E7FDD-A569-49B7-B348-35169D70578C}.Release|iPhoneSimulator.Build.0 = Release|Any CPU
		{0B4E7FDD-A569-49B7-B348-35169D70578C}.Release|iPhoneSimulator.Deploy.0 = Release|Any CPU
		{0B4E7FDD-A569-49B7-B348-35169D70578C}.Release|x64.ActiveCfg = Release|Any CPU
		{0B4E7FDD-A569-49B7-B348-35169D70578C}.Release|x64.Build.0 = Release|Any CPU
		{0B4E7FDD-A569-49B7-B348-35169D70578C}.Release|x64.Deploy.0 = Release|Any CPU
		{0B4E7FDD-A569-49B7-B348-35169D70578C}.Release|x86.ActiveCfg = Release|Any CPU
		{0B4E7FDD-A569-49B7-B348-35169D70578C}.Release|x86.Build.0 = Release|Any CPU
		{0B4E7FDD-A569-49B7-B348-35169D70578C}.Release|x86.Deploy.0 = Release|Any CPU
	EndGlobalSection
	GlobalSection(SolutionProperties) = preSolution
		HideSolutionNode = FALSE
	EndGlobalSection
	GlobalSection(ExtensibilityGlobals) = postSolution
		SolutionGuid = {0BF7DCB9-A282-48FB-A1B2-8C4EB3FFDE01}
	EndGlobalSection
EndGlobal
